{
  "name": "compro",
  "lockfileVersion": 3,
  "requires": true,
  "packages": {
    "": {
      "dependencies": {
        "jquery-tags-input": "^1.3.5"
      }
    },
    "node_modules/jquery-tags-input": {
      "version": "1.3.5",
      "resolved": "https://registry.npmjs.org/jquery-tags-input/-/jquery-tags-input-1.3.5.tgz",
      "integrity": "sha512-CIqhxb44s62D9LooqjM4ef2DHzHuiqZI+viFpAo6/Hhn0LbhP0llFKermjLcHEexcMBWMtfhTIj7Cg44fXvD1g==",
      "license": "ISC"
    }
  }
}
